
Microsoft Visual Studio Solution File, Format Version 12.00
# Visual Studio 15
VisualStudioVersion = 15.0.26228.9
MinimumVisualStudioVersion = 10.0.40219.1
Project("{FAE04EC0-301F-11D3-BF4B-00C04F79EFBC}") = "SharpForum.Models", "SharpForum.Models\SharpForum.Models.csproj", "{2ACEE499-6FD9-42F6-A70C-8D409084EC0F}"
EndProject
Project("{FAE04EC0-301F-11D3-BF4B-00C04F79EFBC}") = "SharpForum.Data", "SharpForum.Data\SharpForum.Data.csproj", "{CBB1D140-7118-4C85-B93B-5D40264C31B9}"
EndProject
Project("{FAE04EC0-301F-11D3-BF4B-00C04F79EFBC}") = "SharpForum.Services", "SharpForum.Services\SharpForum.Services.csproj", "{6A2821B4-9C0F-42FE-A4F9-93960B2ACA21}"
EndProject
Project("{FAE04EC0-301F-11D3-BF4B-00C04F79EFBC}") = "SharpForum.App", "SharpForum.App\SharpForum.App.csproj", "{53AAF338-6D76-4050-95FF-81C056226BCF}"
EndProject
Global
	GlobalSection(SolutionConfigurationPlatforms) = preSolution
		Debug|Any CPU = Debug|Any CPU
		Release|Any CPU = Release|Any CPU
	EndGlobalSection
	GlobalSection(ProjectConfigurationPlatforms) = postSolution
		{2ACEE499-6FD9-42F6-A70C-8D409084EC0F}.Debug|Any CPU.ActiveCfg = Debug|Any CPU
		{2ACEE499-6FD9-42F6-A70C-8D409084EC0F}.Debug|Any CPU.Build.0 = Debug|Any CPU
		{2ACEE499-6FD9-42F6-A70C-8D409084EC0F}.Release|Any CPU.ActiveCfg = Release|Any CPU
		{2ACEE499-6FD9-42F6-A70C-8D409084EC0F}.Release|Any CPU.Build.0 = Release|Any CPU
		{CBB1D140-7118-4C85-B93B-5D40264C31B9}.Debug|Any CPU.ActiveCfg = Debug|Any CPU
		{CBB1D140-7118-4C85-B93B-5D40264C31B9}.Debug|Any CPU.Build.0 = Debug|Any CPU
		{CBB1D140-7118-4C85-B93B-5D40264C31B9}.Release|Any CPU.ActiveCfg = Release|Any CPU
		{CBB1D140-7118-4C85-B93B-5D40264C31B9}.Release|Any CPU.Build.0 = Release|Any CPU
		{6A2821B4-9C0F-42FE-A4F9-93960B2ACA21}.Debug|Any CPU.ActiveCfg = Debug|Any CPU
		{6A2821B4-9C0F-42FE-A4F9-93960B2ACA21}.Debug|Any CPU.Build.0 = Debug|Any CPU
		{6A2821B4-9C0F-42FE-A4F9-93960B2ACA21}.Release|Any CPU.ActiveCfg = Release|Any CPU
		{6A2821B4-9C0F-42FE-A4F9-93960B2ACA21}.Release|Any CPU.Build.0 = Release|Any CPU
		{53AAF338-6D76-4050-95FF-81C056226BCF}.Debug|Any CPU.ActiveCfg = Debug|Any CPU
		{53AAF338-6D76-4050-95FF-81C056226BCF}.Debug|Any CPU.Build.0 = Debug|Any CPU
		{53AAF338-6D76-4050-95FF-81C056226BCF}.Release|Any CPU.ActiveCfg = Release|Any CPU
		{53AAF338-6D76-4050-95FF-81C056226BCF}.Release|Any CPU.Build.0 = Release|Any CPU
	EndGlobalSection
	GlobalSection(SolutionProperties) = preSolution
		HideSolutionNode = FALSE
	EndGlobalSection
EndGlobal
