
Microsoft Visual Studio Solution File, Format Version 12.00
# Visual Studio Version 17
VisualStudioVersion = 17.0.32002.185
MinimumVisualStudioVersion = 10.0.40219.1
Project("{9A19103F-16F7-4668-BE54-9A1E7A4F7556}") = "SharpForum.API", "SharpForum.API\SharpForum.API.csproj", "{29D07166-0C23-4186-9DCB-E853AFA8112C}"
EndProject
Project("{9A19103F-16F7-4668-BE54-9A1E7A4F7556}") = "SharpForum.Application", "SharpForum.Application\SharpForum.Application.csproj", "{CDF71463-D32A-413F-A3E8-7A3C4A3EBBE4}"
EndProject
Project("{9A19103F-16F7-4668-BE54-9A1E7A4F7556}") = "SharpForum.Domain", "SharpForum.Domain\SharpForum.Domain.csproj", "{07519C12-8640-4C9C-A99B-4C57796EB372}"
EndProject
Project("{9A19103F-16F7-4668-BE54-9A1E7A4F7556}") = "SharpForum.Persistence", "SharpForum.Persistence\SharpForum.Persistence.csproj", "{D77C68DD-C9B8-4CFC-978B-85ECDC34ED89}"
EndProject
Project("{2150E333-8FDC-42A3-9474-1A3956D46DE8}") = "SharpForum.Website", "SharpForum.Website", "{72D09FEB-4D78-463E-B1E8-5656B0D7631F}"
EndProject
Global
	GlobalSection(SolutionConfigurationPlatforms) = preSolution
		Debug|Any CPU = Debug|Any CPU
		Release|Any CPU = Release|Any CPU
	EndGlobalSection
	GlobalSection(ProjectConfigurationPlatforms) = postSolution
		{29D07166-0C23-4186-9DCB-E853AFA8112C}.Debug|Any CPU.ActiveCfg = Debug|Any CPU
		{29D07166-0C23-4186-9DCB-E853AFA8112C}.Debug|Any CPU.Build.0 = Debug|Any CPU
		{29D07166-0C23-4186-9DCB-E853AFA8112C}.Release|Any CPU.ActiveCfg = Release|Any CPU
		{29D07166-0C23-4186-9DCB-E853AFA8112C}.Release|Any CPU.Build.0 = Release|Any CPU
		{CDF71463-D32A-413F-A3E8-7A3C4A3EBBE4}.Debug|Any CPU.ActiveCfg = Debug|Any CPU
		{CDF71463-D32A-413F-A3E8-7A3C4A3EBBE4}.Debug|Any CPU.Build.0 = Debug|Any CPU
		{CDF71463-D32A-413F-A3E8-7A3C4A3EBBE4}.Release|Any CPU.ActiveCfg = Release|Any CPU
		{CDF71463-D32A-413F-A3E8-7A3C4A3EBBE4}.Release|Any CPU.Build.0 = Release|Any CPU
		{07519C12-8640-4C9C-A99B-4C57796EB372}.Debug|Any CPU.ActiveCfg = Debug|Any CPU
		{07519C12-8640-4C9C-A99B-4C57796EB372}.Debug|Any CPU.Build.0 = Debug|Any CPU
		{07519C12-8640-4C9C-A99B-4C57796EB372}.Release|Any CPU.ActiveCfg = Release|Any CPU
		{07519C12-8640-4C9C-A99B-4C57796EB372}.Release|Any CPU.Build.0 = Release|Any CPU
		{D77C68DD-C9B8-4CFC-978B-85ECDC34ED89}.Debug|Any CPU.ActiveCfg = Debug|Any CPU
		{D77C68DD-C9B8-4CFC-978B-85ECDC34ED89}.Debug|Any CPU.Build.0 = Debug|Any CPU
		{D77C68DD-C9B8-4CFC-978B-85ECDC34ED89}.Release|Any CPU.ActiveCfg = Release|Any CPU
		{D77C68DD-C9B8-4CFC-978B-85ECDC34ED89}.Release|Any CPU.Build.0 = Release|Any CPU
	EndGlobalSection
	GlobalSection(SolutionProperties) = preSolution
		HideSolutionNode = FALSE
	EndGlobalSection
	GlobalSection(ExtensibilityGlobals) = postSolution
		SolutionGuid = {524893D8-F917-4D67-A0C5-44EBA54D71FC}
	EndGlobalSection
EndGlobal
